
Microsoft Visual Studio Solution File, Format Version 12.00
# Visual Studio Version 16
VisualStudioVersion = 16.0.29519.87
MinimumVisualStudioVersion = 10.0.40219.1
Project("{FAE04EC0-301F-11D3-BF4B-00C04F79EFBC}") = "Project1", "Project1\Project1.csproj", "{03287761-4C43-4BC4-B984-2FF5E83CF566}"
EndProject
Global
	GlobalSection(SolutionConfigurationPlatforms) = preSolution
		Debug|Any CPU = Debug|Any CPU
		Release|Any CPU = Release|Any CPU
	EndGlobalSection
	GlobalSection(ProjectConfigurationPlatforms) = postSolution
		{03287761-4C43-4BC4-B984-2FF5E83CF566}.Debug|Any CPU.ActiveCfg = Debug|Any CPU
		{03287761-4C43-4BC4-B984-2FF5E83CF566}.Debug|Any CPU.Build.0 = Debug|Any CPU
		{03287761-4C43-4BC4-B984-2FF5E83CF566}.Release|Any CPU.ActiveCfg = Release|Any CPU
		{03287761-4C43-4BC4-B984-2FF5E83CF566}.Release|Any CPU.Build.0 = Release|Any CPU
	EndGlobalSection
	GlobalSection(SolutionProperties) = preSolution
		HideSolutionNode = FALSE
	EndGlobalSection
	GlobalSection(ExtensibilityGlobals) = postSolution
		SolutionGuid = {7864BDC4-8CA2-4C76-954A-F9BF7252488F}
	EndGlobalSection
EndGlobal
